
Microsoft Visual Studio Solution File, Format Version 12.00
# Visual Studio Version 16
VisualStudioVersion = 16.0.29709.97
MinimumVisualStudioVersion = 10.0.40219.1
Project("{9A19103F-16F7-4668-BE54-9A1E7A4F7556}") = "CSC237_ahrechka_Bethanys", "CSC237_ahrechka_Bethanys\CSC237_ahrechka_Bethanys.csproj", "{E3C8D24A-DC01-47BE-AAE7-5BCDE9C9F2D9}"
EndProject
Global
	GlobalSection(SolutionConfigurationPlatforms) = preSolution
		Debug|Any CPU = Debug|Any CPU
		Release|Any CPU = Release|Any CPU
	EndGlobalSection
	GlobalSection(ProjectConfigurationPlatforms) = postSolution
		{E3C8D24A-DC01-47BE-AAE7-5BCDE9C9F2D9}.Debug|Any CPU.ActiveCfg = Debug|Any CPU
		{E3C8D24A-DC01-47BE-AAE7-5BCDE9C9F2D9}.Debug|Any CPU.Build.0 = Debug|Any CPU
		{E3C8D24A-DC01-47BE-AAE7-5BCDE9C9F2D9}.Release|Any CPU.ActiveCfg = Release|Any CPU
		{E3C8D24A-DC01-47BE-AAE7-5BCDE9C9F2D9}.Release|Any CPU.Build.0 = Release|Any CPU
	EndGlobalSection
	GlobalSection(SolutionProperties) = preSolution
		HideSolutionNode = FALSE
	EndGlobalSection
	GlobalSection(ExtensibilityGlobals) = postSolution
		SolutionGuid = {C4968829-B322-45DF-84CE-18CFE1F55A87}
	EndGlobalSection
EndGlobal
